github.com/cyberphone/json-canonicalization v0.0.0-20241213102144-19d51d7fe467/go.mod h1:uzvlm1mxhHkdfqitSA92i7Se+S9ksOn3a3qmv/kyOCw=
github.com/davecgh/go-spew v1.1.2-0.20180830191138-d8f796af33cc/go.mod h1:J7Y8YcW2NihsgmVo/mv3lAwl/skON4iLHjSsI+c5H38=
github.com/pmezard/go-difflib v1.0.1-0.20181226105442-5d4384ee4fb2/go.mod h1:iKH77koFhYxTK1pcRnkKkqfTogsbg7gZNVY4sRDYZ/4=
github.com/stretchr/testify v1.11.1/go.mod h1:wZwfW3scLgRK+23gO65QZefKpKQRnfz6sD981Nm4B6U=
go.yaml.in/yaml/v2 v2.4.3/go.mod h1:zSxWcmIDjOzPXpjlTTbAsKokqkDNAVtZO0WOMiT90s8=
golang.org/x/text v0.34.0/go.mod h1:homfLqTYRFyVYemLBFl5GgL/DWEiH5wcsQ5gSh1yziA=
gopkg.in/check.v1 v0.0.0-20161208181325-20d25e280405/go.mod h1:Co6ibVJAznAaIkqp8huTwlJQCZ016jof/cbN4VW5Yz0=
gopkg.in/yaml.v3 v3.0.1/go.mod h1:K4uyk7z7BCEPqu6E+C64Yfv1cQ7kz7rIZviUmN+EgEM=
ocm.software/open-component-model/bindings/go/blob v0.0.11/go.mod h1:pZzaYptwTVBhicYp6z9vDY2K6KTwd5c+MuYoC3jr6s8=
ocm.software/open-component-model/bindings/go/descriptor/runtime v0.0.0-20260330094137-cce09ef07431/go.mod h1:uET6F54antG7z/nBtrzIHkZZCAjbkbg255UG3GrZwf8=
ocm.software/open-component-model/bindings/go/descriptor/v2 v2.0.1-alpha9/go.mod h1:5ES8RkuCdrbqiG56WJE40qhFoC4QHAQn8BasL5aKlvM=
ocm.software/open-component-model/bindings/go/repository v0.0.8/go.mod h1:2TCCOD2lV/druBsW3/YBRnk8uOqUJCPefk1s7MyULb8=
ocm.software/open-component-model/bindings/go/runtime v0.0.7/go.mod h1:hbas6Al4VECYKFk51SLIi8zdzhFgZ2WvFpPljatbJHo=
sigs.k8s.io/yaml v1.6.0/go.mod h1:796bPqUfzR/0jLAl6XjHl3Ck7MiyVv8dbTdyT3/pMf4=
