github.com/opencontainers/go-digest v1.0.0/go.mod h1:0JzlMkj0TRzQZfJkVvzbP0HBR3IKzErnv2BNG4W4MAM=
github.com/opencontainers/image-spec v1.1.1/go.mod h1:qpqAh3Dmcf36wStyyWU+kCeDgrGnAve2nCC8+7h8Q0M=
github.com/santhosh-tekuri/jsonschema/v6 v6.0.2/go.mod h1:JXeL+ps8p7/KNMjDQk3TCwPpBy0wYklyWTfbkIzdIFU=
github.com/stretchr/testify v1.11.1/go.mod h1:wZwfW3scLgRK+23gO65QZefKpKQRnfz6sD981Nm4B6U=
golang.org/x/sync v0.20.0/go.mod h1:9xrNwdLfx4jkKbNva9FpL6vEN7evnE43NNNJQ2LF3+0=
ocm.software/open-component-model/bindings/go/blob v0.0.11/go.mod h1:pZzaYptwTVBhicYp6z9vDY2K6KTwd5c+MuYoC3jr6s8=
ocm.software/open-component-model/bindings/go/credentials v0.0.9/go.mod h1:JFQDqqZv17uJLQSZOKa9siuLTK4zMA3Bzk4amU9ZALU=
ocm.software/open-component-model/bindings/go/dag v0.0.6/go.mod h1:mQbO95zYvX59VXNJGer4+wGsKY0BVI4FKwlR5BlPugM=
ocm.software/open-component-model/bindings/go/descriptor/normalisation v0.0.0-20260330094137-cce09ef07431/go.mod h1:jWNyFs/zgC6Y5YAZpEoqigqkxYHKVJ6MZ6KmkLw6u90=
ocm.software/open-component-model/bindings/go/descriptor/runtime v0.0.0-20260330094137-cce09ef07431/go.mod h1:uET6F54antG7z/nBtrzIHkZZCAjbkbg255UG3GrZwf8=
ocm.software/open-component-model/bindings/go/descriptor/v2 v2.0.3-alpha2/go.mod h1:FTKrAPkR0865aUlDBrzmmHTdFxuy7AbqQZrgG6pB9YY=
ocm.software/open-component-model/bindings/go/helm v0.0.0-20260330094137-cce09ef07431/go.mod h1:i35zcxkOgGw8u1Y+VGUegeiigfYlHzN8BVP6OP8/lYo=
ocm.software/open-component-model/bindings/go/input/dir v0.0.2/go.mod h1:3qfxxgMZRSsp6aeiRirkaXSuIZ5oJF1ViUbVGTw1F6U=
ocm.software/open-component-model/bindings/go/input/file v0.0.3/go.mod h1:ugJx+Togjama3t2u30sfAyrd3/Td+IqcdDdHpoSwy/4=
ocm.software/open-component-model/bindings/go/input/utf8 v0.0.0-20260330094137-cce09ef07431/go.mod h1:WXY1K/EuUj7IYK9jTDJDfOqNeDvFMdPSjsYnX/DPYLU=
ocm.software/open-component-model/bindings/go/oci v0.0.37/go.mod h1:9mIySy39sDnoQMsBjiUZbUluXbPwgmxGyiEsHIBr/LQ=
ocm.software/open-component-model/bindings/go/repository v0.0.8/go.mod h1:2TCCOD2lV/druBsW3/YBRnk8uOqUJCPefk1s7MyULb8=
ocm.software/open-component-model/bindings/go/runtime v0.0.7/go.mod h1:hbas6Al4VECYKFk51SLIi8zdzhFgZ2WvFpPljatbJHo=
ocm.software/open-component-model/bindings/go/signing v0.0.0-20260330094137-cce09ef07431/go.mod h1:1ic49bqISFvonp6AuSA3y7ZF8IheaAp+0rUacpkRCJc=
ocm.software/open-component-model/bindings/go/transform v0.0.0-20260330094137-cce09ef07431/go.mod h1:DFzr3ZxgzgFwhLvaF4cVetuJgnyBTwTIJxOJvskCcf0=
sigs.k8s.io/yaml v1.6.0/go.mod h1:796bPqUfzR/0jLAl6XjHl3Ck7MiyVv8dbTdyT3/pMf4=
